
Microsoft Visual Studio Solution File, Format Version 12.00
# Visual Studio Version 17
VisualStudioVersion = 17.8.34322.80
MinimumVisualStudioVersion = 10.0.40219.1
Project("{9A19103F-16F7-4668-BE54-9A1E7A4F7556}") = "SplitBillVM", "SplitBillVM\SplitBillVM.csproj", "{2D2E824E-D168-40E3-9BA2-4E4AB1A56708}"
EndProject
Global
	GlobalSection(SolutionConfigurationPlatforms) = preSolution
		Debug|Any CPU = Debug|Any CPU
		Release|Any CPU = Release|Any CPU
	EndGlobalSection
	GlobalSection(ProjectConfigurationPlatforms) = postSolution
		{2D2E824E-D168-40E3-9BA2-4E4AB1A56708}.Debug|Any CPU.ActiveCfg = Debug|Any CPU
		{2D2E824E-D168-40E3-9BA2-4E4AB1A56708}.Debug|Any CPU.Build.0 = Debug|Any CPU
		{2D2E824E-D168-40E3-9BA2-4E4AB1A56708}.Debug|Any CPU.Deploy.0 = Debug|Any CPU
		{2D2E824E-D168-40E3-9BA2-4E4AB1A56708}.Release|Any CPU.ActiveCfg = Release|Any CPU
		{2D2E824E-D168-40E3-9BA2-4E4AB1A56708}.Release|Any CPU.Build.0 = Release|Any CPU
		{2D2E824E-D168-40E3-9BA2-4E4AB1A56708}.Release|Any CPU.Deploy.0 = Release|Any CPU
	EndGlobalSection
	GlobalSection(SolutionProperties) = preSolution
		HideSolutionNode = FALSE
	EndGlobalSection
	GlobalSection(ExtensibilityGlobals) = postSolution
		SolutionGuid = {73B1187D-0938-4F01-AF45-B94C1F3754D2}
	EndGlobalSection
EndGlobal
